
Microsoft Visual Studio Solution File, Format Version 12.00
# Visual Studio Version 17
VisualStudioVersion = 17.3.32811.315
MinimumVisualStudioVersion = 10.0.40219.1
Project("{FAE04EC0-301F-11D3-BF4B-00C04F79EFBC}") = "Semana2", "Semana2\Semana2.csproj", "{7932A3E7-8663-4547-B9A8-68AD070088F7}"
EndProject
Global
	GlobalSection(SolutionConfigurationPlatforms) = preSolution
		Debug|Any CPU = Debug|Any CPU
		Release|Any CPU = Release|Any CPU
	EndGlobalSection
	GlobalSection(ProjectConfigurationPlatforms) = postSolution
		{7932A3E7-8663-4547-B9A8-68AD070088F7}.Debug|Any CPU.ActiveCfg = Debug|Any CPU
		{7932A3E7-8663-4547-B9A8-68AD070088F7}.Debug|Any CPU.Build.0 = Debug|Any CPU
		{7932A3E7-8663-4547-B9A8-68AD070088F7}.Release|Any CPU.ActiveCfg = Release|Any CPU
		{7932A3E7-8663-4547-B9A8-68AD070088F7}.Release|Any CPU.Build.0 = Release|Any CPU
	EndGlobalSection
	GlobalSection(SolutionProperties) = preSolution
		HideSolutionNode = FALSE
	EndGlobalSection
	GlobalSection(ExtensibilityGlobals) = postSolution
		SolutionGuid = {65A99745-6C77-4D21-889C-A8C05934229C}
	EndGlobalSection
EndGlobal
